
Microsoft Visual Studio Solution File, Format Version 12.00
# Visual Studio 14
VisualStudioVersion = 14.0.25420.1
MinimumVisualStudioVersion = 10.0.40219.1
Project("{FAE04EC0-301F-11D3-BF4B-00C04F79EFBC}") = "Power digit sum", "Power digit sum\Power digit sum.csproj", "{F42D8676-1FB1-49BB-B5A2-3AF92E7087F8}"
EndProject
Global
	GlobalSection(SolutionConfigurationPlatforms) = preSolution
		Debug|Any CPU = Debug|Any CPU
		Release|Any CPU = Release|Any CPU
	EndGlobalSection
	GlobalSection(ProjectConfigurationPlatforms) = postSolution
		{F42D8676-1FB1-49BB-B5A2-3AF92E7087F8}.Debug|Any CPU.ActiveCfg = Debug|Any CPU
		{F42D8676-1FB1-49BB-B5A2-3AF92E7087F8}.Debug|Any CPU.Build.0 = Debug|Any CPU
		{F42D8676-1FB1-49BB-B5A2-3AF92E7087F8}.Release|Any CPU.ActiveCfg = Release|Any CPU
		{F42D8676-1FB1-49BB-B5A2-3AF92E7087F8}.Release|Any CPU.Build.0 = Release|Any CPU
	EndGlobalSection
	GlobalSection(SolutionProperties) = preSolution
		HideSolutionNode = FALSE
	EndGlobalSection
EndGlobal
