
Microsoft Visual Studio Solution File, Format Version 12.00
# Visual Studio 14
VisualStudioVersion = 14.0.25420.1
MinimumVisualStudioVersion = 10.0.40219.1
Project("{FAE04EC0-301F-11D3-BF4B-00C04F79EFBC}") = "Maximum path sum I", "Maximum path sum I\Maximum path sum I.csproj", "{A5852A2A-D908-4A24-8DD1-7D671B58DCCC}"
EndProject
Global
	GlobalSection(SolutionConfigurationPlatforms) = preSolution
		Debug|Any CPU = Debug|Any CPU
		Release|Any CPU = Release|Any CPU
	EndGlobalSection
	GlobalSection(ProjectConfigurationPlatforms) = postSolution
		{A5852A2A-D908-4A24-8DD1-7D671B58DCCC}.Debug|Any CPU.ActiveCfg = Debug|Any CPU
		{A5852A2A-D908-4A24-8DD1-7D671B58DCCC}.Debug|Any CPU.Build.0 = Debug|Any CPU
		{A5852A2A-D908-4A24-8DD1-7D671B58DCCC}.Release|Any CPU.ActiveCfg = Release|Any CPU
		{A5852A2A-D908-4A24-8DD1-7D671B58DCCC}.Release|Any CPU.Build.0 = Release|Any CPU
	EndGlobalSection
	GlobalSection(SolutionProperties) = preSolution
		HideSolutionNode = FALSE
	EndGlobalSection
EndGlobal
